{
  "nodes": {
    "flake-utils": {
      "inputs": {
        "systems": "systems"
      },
      "locked": {
        "lastModified": 1731533236,
        "narHash": "sha256-l0KFg5HjrsfsO/JpG+r7fRrqm12kzFHyUHqHCVpMMbI=",
        "owner": "numtide",
        "repo": "flake-utils",
        "rev": "11707dc2f618dd54ca8739b309ec4fc024de578b",
        "type": "github"
      },
      "original": {
        "owner": "numtide",
        "repo": "flake-utils",
        "type": "github"
      }
    },
    "godot": {
      "inputs": {
        "flake-utils": "flake-utils",
        "nixpkgs": [
          "nixpkgs"
        ],
        "treefmt-nix": "treefmt-nix"
      },
      "locked": {
        "lastModified": 1737101400,
        "narHash": "sha256-7R7nBKAjYNeINSmfvxe+tVjYE97TN3L8dNBiR2nE5jI=",
        "owner": "florianvazelle",
        "repo": "godot-overlay",
        "rev": "ac54ab1cccda17972a5b480be260c68f3d727531",
        "type": "github"
      },
      "original": {
        "owner": "florianvazelle",
        "repo": "godot-overlay",
        "type": "github"
      }
    },
    "nixpkgs": {
      "locked": {
        "lastModified": 1737569578,
        "narHash": "sha256-6qY0pk2QmUtBT9Mywdvif0i/CLVgpCjMUn6g9vB+f3M=",
        "owner": "NixOS",
        "repo": "nixpkgs",
        "rev": "47addd76727f42d351590c905d9d1905ca895b82",
        "type": "github"
      },
      "original": {
        "owner": "NixOS",
        "ref": "nixos-24.11",
        "repo": "nixpkgs",
        "type": "github"
      }
    },
    "root": {
      "inputs": {
        "godot": "godot",
        "nixpkgs": "nixpkgs"
      }
    },
    "systems": {
      "locked": {
        "lastModified": 1681028828,
        "narHash": "sha256-Vy1rq5AaRuLzOxct8nz4T6wlgyUR7zLU309k9mBC768=",
        "owner": "nix-systems",
        "repo": "default",
        "rev": "da67096a3b9bf56a91d16901293e51ba5b49a27e",
        "type": "github"
      },
      "original": {
        "owner": "nix-systems",
        "repo": "default",
        "type": "github"
      }
    },
    "treefmt-nix": {
      "inputs": {
        "nixpkgs": [
          "godot",
          "nixpkgs"
        ]
      },
      "locked": {
        "lastModified": 1736154270,
        "narHash": "sha256-p2r8xhQZ3TYIEKBoiEhllKWQqWNJNoT9v64Vmg4q8Zw=",
        "owner": "numtide",
        "repo": "treefmt-nix",
        "rev": "13c913f5deb3a5c08bb810efd89dc8cb24dd968b",
        "type": "github"
      },
      "original": {
        "owner": "numtide",
        "repo": "treefmt-nix",
        "type": "github"
      }
    }
  },
  "root": "root",
  "version": 7
}
